
Microsoft Visual Studio Solution File, Format Version 12.00
# Visual Studio 15
VisualStudioVersion = 15.0.28307.421
MinimumVisualStudioVersion = 10.0.40219.1
Project("{888888A0-9F3D-457C-B088-3A5042F75D52}") = "ConversorPython", "ConversorPython\ConversorPython.pyproj", "{15427CDE-63BB-4152-AD27-66EE02DE60C3}"
EndProject
Global
	GlobalSection(SolutionConfigurationPlatforms) = preSolution
		Debug|Any CPU = Debug|Any CPU
		Release|Any CPU = Release|Any CPU
	EndGlobalSection
	GlobalSection(ProjectConfigurationPlatforms) = postSolution
		{15427CDE-63BB-4152-AD27-66EE02DE60C3}.Debug|Any CPU.ActiveCfg = Debug|Any CPU
		{15427CDE-63BB-4152-AD27-66EE02DE60C3}.Release|Any CPU.ActiveCfg = Release|Any CPU
	EndGlobalSection
	GlobalSection(SolutionProperties) = preSolution
		HideSolutionNode = FALSE
	EndGlobalSection
	GlobalSection(ExtensibilityGlobals) = postSolution
		SolutionGuid = {8D246EDA-9200-4469-95DC-6B538F1F04B7}
	EndGlobalSection
EndGlobal
