
Microsoft Visual Studio Solution File, Format Version 12.00
# Visual Studio Version 16
VisualStudioVersion = 16.0.28803.202
MinimumVisualStudioVersion = 10.0.40219.1
Project("{FAE04EC0-301F-11D3-BF4B-00C04F79EFBC}") = "ConverorEmCSharp", "ConverorEmCSharp\ConverorEmCSharp.csproj", "{711CCCBF-811F-49B0-A697-1F8D12EFBFA8}"
EndProject
Global
	GlobalSection(SolutionConfigurationPlatforms) = preSolution
		Debug|Any CPU = Debug|Any CPU
		Release|Any CPU = Release|Any CPU
	EndGlobalSection
	GlobalSection(ProjectConfigurationPlatforms) = postSolution
		{711CCCBF-811F-49B0-A697-1F8D12EFBFA8}.Debug|Any CPU.ActiveCfg = Debug|Any CPU
		{711CCCBF-811F-49B0-A697-1F8D12EFBFA8}.Debug|Any CPU.Build.0 = Debug|Any CPU
		{711CCCBF-811F-49B0-A697-1F8D12EFBFA8}.Release|Any CPU.ActiveCfg = Release|Any CPU
		{711CCCBF-811F-49B0-A697-1F8D12EFBFA8}.Release|Any CPU.Build.0 = Release|Any CPU
	EndGlobalSection
	GlobalSection(SolutionProperties) = preSolution
		HideSolutionNode = FALSE
	EndGlobalSection
	GlobalSection(ExtensibilityGlobals) = postSolution
		SolutionGuid = {C800643B-406E-455C-904E-3A5DB8866EC8}
	EndGlobalSection
EndGlobal
